
Microsoft Visual Studio Solution File, Format Version 12.00
# Visual Studio 15
Project("{FAE04EC0-301F-11D3-BF4B-00C04F79EFBC}") = "Assembly-CSharp-firstpass", "Assembly-CSharp-firstpass.csproj", "{18F777E3-C6D4-C6BA-FF41-C2925650BF63}"
EndProject
Project("{FAE04EC0-301F-11D3-BF4B-00C04F79EFBC}") = "Assembly-CSharp", "Assembly-CSharp.csproj", "{EEC986D2-FC65-BC92-95FB-5506C9CF670E}"
EndProject
Project("{FAE04EC0-301F-11D3-BF4B-00C04F79EFBC}") = "Assembly-CSharp-Editor-firstpass", "Assembly-CSharp-Editor-firstpass.csproj", "{81FD20B2-8AFC-E120-CCF4-A1CCB8372F18}"
EndProject
Global
	GlobalSection(SolutionConfigurationPlatforms) = preSolution
		Debug|Any CPU = Debug|Any CPU
		Release|Any CPU = Release|Any CPU
	EndGlobalSection
	GlobalSection(ProjectConfigurationPlatforms) = postSolution
		{18F777E3-C6D4-C6BA-FF41-C2925650BF63}.Debug|Any CPU.ActiveCfg = Debug|Any CPU
		{18F777E3-C6D4-C6BA-FF41-C2925650BF63}.Debug|Any CPU.Build.0 = Debug|Any CPU
		{18F777E3-C6D4-C6BA-FF41-C2925650BF63}.Release|Any CPU.ActiveCfg = Release|Any CPU
		{18F777E3-C6D4-C6BA-FF41-C2925650BF63}.Release|Any CPU.Build.0 = Release|Any CPU
		{EEC986D2-FC65-BC92-95FB-5506C9CF670E}.Debug|Any CPU.ActiveCfg = Debug|Any CPU
		{EEC986D2-FC65-BC92-95FB-5506C9CF670E}.Debug|Any CPU.Build.0 = Debug|Any CPU
		{EEC986D2-FC65-BC92-95FB-5506C9CF670E}.Release|Any CPU.ActiveCfg = Release|Any CPU
		{EEC986D2-FC65-BC92-95FB-5506C9CF670E}.Release|Any CPU.Build.0 = Release|Any CPU
		{81FD20B2-8AFC-E120-CCF4-A1CCB8372F18}.Debug|Any CPU.ActiveCfg = Debug|Any CPU
		{81FD20B2-8AFC-E120-CCF4-A1CCB8372F18}.Debug|Any CPU.Build.0 = Debug|Any CPU
		{81FD20B2-8AFC-E120-CCF4-A1CCB8372F18}.Release|Any CPU.ActiveCfg = Release|Any CPU
		{81FD20B2-8AFC-E120-CCF4-A1CCB8372F18}.Release|Any CPU.Build.0 = Release|Any CPU
	EndGlobalSection
	GlobalSection(SolutionProperties) = preSolution
		HideSolutionNode = FALSE
	EndGlobalSection
EndGlobal
